<?xml version="1.0" encoding="utf-8"?>
<Project ToolsVersion="4.0" xmlns="http://schemas.microsoft.com/developer/msbuild/2003">
  <ItemGroup>
    <Filter Include="Source Files">
      <UniqueIdentifier>{4FC737F1-C7A5-4376-A066-2A32D752A2FF}</UniqueIdentifier>
      <Extensions>cpp;c;cc;cxx;def;odl;idl;hpj;bat;asm;asmx</Extensions>
    </Filter>
    <Filter Include="Header Files">
      <UniqueIdentifier>{93995380-89BD-4b04-88EB-625FBE52EBFB}</UniqueIdentifier>
      <Extensions>h;hh;hpp;hxx;hm;inl;inc;xsd</Extensions>
    </Filter>
    <Filter Include="Resource Files">
      <UniqueIdentifier>{67DA6AB6-F800-4c08-8B7A-83BB121AAD01}</UniqueIdentifier>
      <Extensions>rc;ico;cur;bmp;dlg;rc2;rct;bin;rgs;gif;jpg;jpeg;jpe;resx;tiff;tif;png;wav;mfcribbon-ms</Extensions>
    </Filter>
    <Filter Include="Source Files\Shaders">
      <UniqueIdentifier>{4894e00f-2c47-43fa-a6a1-241f6a3cbeff}</UniqueIdentifier>
    </Filter>
    <Filter Include="Header Files\DuckRenderer">
      <UniqueIdentifier>{9410a13e-9188-40ec-ac22-9267c6a16e85}</UniqueIdentifier>
    </Filter>
    <Filter Include="Source Files\DuckRenderer">
      <UniqueIdentifier>{56252b01-8b9b-4c01-834c-f7fabd9142c3}</UniqueIdentifier>
    </Filter>
    <Filter Include="Header Files\Windows">
      <UniqueIdentifier>{d2389cce-519e-40a4-98e7-41622fefb8cc}</UniqueIdentifier>
    </Filter>
    <Filter Include="Source Files\Windows">
      <UniqueIdentifier>{5760f86d-7285-42a6-960d-4d255c75e380}</UniqueIdentifier>
    </Filter>
    <Filter Include="Bullet">
      <UniqueIdentifier>{c190c187-3c31-498c-9718-e292cd51f668}</UniqueIdentifier>
    </Filter>
  </ItemGroup>
  <ItemGroup>
    <ClCompile Include="main.cpp">
      <Filter>Source Files</Filter>
    </ClCompile>
    <ClCompile Include="SystemClass.cpp">
      <Filter>Source Files</Filter>
    </ClCompile>
    <ClCompile Include="Application.cpp">
      <Filter>Source Files</Filter>
    </ClCompile>
    <ClCompile Include="Menu.cpp">
      <Filter>Source Files</Filter>
    </ClCompile>
    <ClCompile Include="Ball.cpp">
      <Filter>Source Files</Filter>
    </ClCompile>
    <ClCompile Include="Sound.cpp">
      <Filter>Source Files</Filter>
    </ClCompile>
    <ClCompile Include="PhysicsBridge.cpp">
      <Filter>Source Files</Filter>
    </ClCompile>
    <ClCompile Include="D3D.cpp">
      <Filter>Source Files</Filter>
    </ClCompile>
    <ClCompile Include="Input.cpp">
      <Filter>Source Files</Filter>
    </ClCompile>
    <ClCompile Include="Camera.cpp">
      <Filter>Source Files</Filter>
    </ClCompile>
    <ClCompile Include="ApplicationTimer.cpp">
      <Filter>Source Files</Filter>
    </ClCompile>
    <ClCompile Include="FPSClass.cpp">
      <Filter>Source Files</Filter>
    </ClCompile>
    <ClCompile Include="DuckRenderer\MathFuncs.cpp">
      <Filter>Source Files\DuckRenderer</Filter>
    </ClCompile>
    <ClCompile Include="Mesh.cpp">
      <Filter>Source Files</Filter>
    </ClCompile>
    <ClCompile Include="Shader.cpp">
      <Filter>Source Files</Filter>
    </ClCompile>
    <ClCompile Include="DuckRenderer\HString.cpp">
      <Filter>Source Files\DuckRenderer</Filter>
    </ClCompile>
    <ClCompile Include="Level.cpp">
      <Filter>Source Files</Filter>
    </ClCompile>
    <ClCompile Include="Source.cpp">
      <Filter>Source Files</Filter>
    </ClCompile>
    <ClCompile Include="Windows\DDSTextureLoader.cpp">
      <Filter>Source Files\Windows</Filter>
    </ClCompile>
    <ClCompile Include="Windows\pch.cpp">
      <Filter>Source Files\Windows</Filter>
    </ClCompile>
    <ClCompile Include="Windows\WICTextureLoader.cpp">
      <Filter>Source Files\Windows</Filter>
    </ClCompile>
    <ClCompile Include="Texture.cpp">
      <Filter>Source Files</Filter>
    </ClCompile>
    <ClCompile Include="DuckRenderer\DCollision.cpp">
      <Filter>Source Files\DuckRenderer</Filter>
    </ClCompile>
    <ClCompile Include="LevelLoaderClass.cpp">
      <Filter>Source Files</Filter>
    </ClCompile>
    <ClCompile Include="Obstacle.cpp">
      <Filter>Source Files</Filter>
    </ClCompile>
    <ClCompile Include="MagnetObstacle.cpp">
      <Filter>Source Files</Filter>
    </ClCompile>
    <ClCompile Include="LeafObstacle.cpp">
      <Filter>Source Files</Filter>
    </ClCompile>
    <ClCompile Include="WaterObstacle.cpp">
      <Filter>Source Files</Filter>
    </ClCompile>
    <ClCompile Include="TrampolineObstacle.cpp">
      <Filter>Source Files</Filter>
    </ClCompile>
    <ClCompile Include="Goal.cpp">
      <Filter>Source Files</Filter>
    </ClCompile>
    <ClCompile Include="Skybox.cpp">
      <Filter>Source Files</Filter>
    </ClCompile>
  </ItemGroup>
  <ItemGroup>
    <ClInclude Include="SystemClass.h">
      <Filter>Header Files</Filter>
    </ClInclude>
    <ClInclude Include="Application.h">
      <Filter>Header Files</Filter>
    </ClInclude>
    <ClInclude Include="Menu.h">
      <Filter>Header Files</Filter>
    </ClInclude>
    <ClInclude Include="Ball.h">
      <Filter>Header Files</Filter>
    </ClInclude>
    <ClInclude Include="Sound.h">
      <Filter>Header Files</Filter>
    </ClInclude>
    <ClInclude Include="PhysicsBridge.h">
      <Filter>Header Files</Filter>
    </ClInclude>
    <ClInclude Include="D3D.h">
      <Filter>Header Files</Filter>
    </ClInclude>
    <ClInclude Include="Input.h">
      <Filter>Header Files</Filter>
    </ClInclude>
    <ClInclude Include="Camera.h">
      <Filter>Header Files</Filter>
    </ClInclude>
    <ClInclude Include="ApplicationTimer.h">
      <Filter>Header Files</Filter>
    </ClInclude>
    <ClInclude Include="FPSClass.h">
      <Filter>Header Files</Filter>
    </ClInclude>
    <ClInclude Include="DuckRenderer\MathFuncs.h">
      <Filter>Header Files\DuckRenderer</Filter>
    </ClInclude>
    <ClInclude Include="DuckRenderer\MathStructs.h">
      <Filter>Header Files\DuckRenderer</Filter>
    </ClInclude>
    <ClInclude Include="DuckRenderer\DMath.h">
      <Filter>Header Files\DuckRenderer</Filter>
    </ClInclude>
    <ClInclude Include="D3D Includes.h">
      <Filter>Header Files</Filter>
    </ClInclude>
    <ClInclude Include="Mesh.h">
      <Filter>Header Files</Filter>
    </ClInclude>
    <ClInclude Include="DuckRenderer\Array.h">
      <Filter>Header Files\DuckRenderer</Filter>
    </ClInclude>
    <ClInclude Include="Shader.h">
      <Filter>Header Files</Filter>
    </ClInclude>
    <ClInclude Include="DuckRenderer\HString.h">
      <Filter>Header Files\DuckRenderer</Filter>
    </ClInclude>
    <ClInclude Include="Level.h">
      <Filter>Header Files</Filter>
    </ClInclude>
    <ClInclude Include="Windows\dds.h">
      <Filter>Header Files\Windows</Filter>
    </ClInclude>
    <ClInclude Include="Windows\DDSTextureLoader.h">
      <Filter>Header Files\Windows</Filter>
    </ClInclude>
    <ClInclude Include="Windows\pch.h">
      <Filter>Header Files\Windows</Filter>
    </ClInclude>
    <ClInclude Include="Windows\PlatformHelpers.h">
      <Filter>Header Files\Windows</Filter>
    </ClInclude>
    <ClInclude Include="Windows\WICTextureLoader.h">
      <Filter>Header Files\Windows</Filter>
    </ClInclude>
    <ClInclude Include="Texture.h">
      <Filter>Header Files</Filter>
    </ClInclude>
    <ClInclude Include="DuckRenderer\DCollision.h">
      <Filter>Header Files\DuckRenderer</Filter>
    </ClInclude>
    <ClInclude Include="LevelLoaderClass.h">
      <Filter>Header Files</Filter>
    </ClInclude>
    <ClInclude Include="Obstacle.h">
      <Filter>Header Files</Filter>
    </ClInclude>
    <ClInclude Include="MagnetObstacle.h">
      <Filter>Header Files</Filter>
    </ClInclude>
    <ClInclude Include="LeafObstacle.h">
      <Filter>Header Files</Filter>
    </ClInclude>
    <ClInclude Include="WaterObstacle.h">
      <Filter>Header Files</Filter>
    </ClInclude>
    <ClInclude Include="TrampolineObstacle.h">
      <Filter>Header Files</Filter>
    </ClInclude>
    <ClInclude Include="Goal.h">
      <Filter>Header Files</Filter>
    </ClInclude>
    <ClInclude Include="Skybox.h">
      <Filter>Header Files</Filter>
    </ClInclude>
  </ItemGroup>
  <ItemGroup>
    <None Include="ball.ps">
      <Filter>Source Files\Shaders</Filter>
    </None>
    <None Include="ball.vs">
      <Filter>Source Files\Shaders</Filter>
    </None>
    <None Include="DuckRenderer\MathStructs.inl">
      <Filter>Header Files\DuckRenderer</Filter>
    </None>
    <None Include="DuckRenderer\Array.inl">
      <Filter>Header Files\DuckRenderer</Filter>
    </None>
    <None Include="level.ps">
      <Filter>Source Files\Shaders</Filter>
    </None>
    <None Include="level.vs">
      <Filter>Source Files\Shaders</Filter>
    </None>
    <None Include="finalComposition.ps">
      <Filter>Source Files\Shaders</Filter>
    </None>
    <None Include="pointLight.ps">
      <Filter>Source Files\Shaders</Filter>
    </None>
    <None Include="fullScreenQuad.vs">
      <Filter>Source Files\Shaders</Filter>
    </None>
    <None Include="pointLight.vs">
      <Filter>Source Files\Shaders</Filter>
    </None>
    <None Include="obstacle.ps">
      <Filter>Source Files\Shaders</Filter>
    </None>
    <None Include="obstacle.vs">
      <Filter>Source Files\Shaders</Filter>
    </None>
  </ItemGroup>
  <ItemGroup>
    <Library Include="Bullet\BulletCollision_Debug.lib">
      <Filter>Bullet</Filter>
    </Library>
    <Library Include="Bullet\BulletDynamics_Debug.lib">
      <Filter>Bullet</Filter>
    </Library>
    <Library Include="Bullet\BulletSoftBody_Debug.lib">
      <Filter>Bullet</Filter>
    </Library>
    <Library Include="Bullet\LinearMath_Debug.lib">
      <Filter>Bullet</Filter>
    </Library>
  </ItemGroup>
  <ItemGroup>
    <Image Include="blackGoal.png">
      <Filter>Resource Files</Filter>
    </Image>
    <Image Include="leaf.png">
      <Filter>Resource Files</Filter>
    </Image>
    <Image Include="magnet.png">
      <Filter>Resource Files</Filter>
    </Image>
    <Image Include="testDeepGround.png">
      <Filter>Resource Files</Filter>
    </Image>
    <Image Include="testLevelTexture.png">
      <Filter>Resource Files</Filter>
    </Image>
    <Image Include="testSpringGround.png">
      <Filter>Resource Files</Filter>
    </Image>
    <Image Include="testTexture.png">
      <Filter>Resource Files</Filter>
    </Image>
    <Image Include="trampoline.png">
      <Filter>Resource Files</Filter>
    </Image>
    <Image Include="water.png">
      <Filter>Resource Files</Filter>
    </Image>
    <Image Include="testAutumnGround.png">
      <Filter>Resource Files</Filter>
    </Image>
    <Image Include="testSummerGround.png">
      <Filter>Resource Files</Filter>
    </Image>
    <Image Include="testWinterGround.png">
      <Filter>Resource Files</Filter>
    </Image>
    <Image Include="data\ball.png">
      <Filter>Resource Files</Filter>
    </Image>
  </ItemGroup>
</Project>